<?xml version="1.0" encoding="utf-8"?>
<Project ToolsVersion="4.0" xmlns="http://schemas.microsoft.com/developer/msbuild/2003">
  <ItemGroup>
    <Filter Include="Header Files">
      <UniqueIdentifier>{6902aeea-7834-4c20-9127-54da601fe5bd}</UniqueIdentifier>
    </Filter>
    <Filter Include="Source Files">
      <UniqueIdentifier>{2dd51d78-b700-4766-a1b4-74ebeff322df}</UniqueIdentifier>
    </Filter>
    <Filter Include="Berkeley DB 4.7.25 Source Files">
      <UniqueIdentifier>{c629f34e-1c22-4001-b558-e54f6c2b23b9}</UniqueIdentifier>
    </Filter>
  </ItemGroup>
  <ItemGroup>
    <ClInclude Include="..\Modules\bsddb.h">
      <Filter>Header Files</Filter>
    </ClInclude>
  </ItemGroup>
  <ItemGroup>
    <ClCompile Include="..\Modules\_bsddb.c">
      <Filter>Source Files</Filter>
    </ClCompile>
  </ItemGroup>
</Project>