<?xml version="1.0" encoding="utf-8"?>
<Project ToolsVersion="4.0" xmlns="http://schemas.microsoft.com/developer/msbuild/2003">
  <ItemGroup>
    <Filter Include="Source Files">
      <UniqueIdentifier>{359b9806-901c-4e65-9637-0cf7048198d5}</UniqueIdentifier>
    </Filter>
    <Filter Include="bzip2 1.0.6 Header Files">
      <UniqueIdentifier>{9ddc406d-2fc2-4384-afcb-e9bb9e41c245}</UniqueIdentifier>
    </Filter>
    <Filter Include="bzip2 1.0.6 Source Files">
      <UniqueIdentifier>{3d637474-76f1-49ff-982d-635beb6916d4}</UniqueIdentifier>
    </Filter>
  </ItemGroup>
  <ItemGroup>
    <ClCompile Include="..\Modules\bz2module.c">
      <Filter>Source Files</Filter>
    </ClCompile>
  </ItemGroup>
</Project>